{
  "originHash" : "4ed52ad35390bafcb2ee6b1a0349c7a3dde293cf3f1917f38939b88d1327f9c9",
  "pins" : [
    {
      "identity" : "asyncplus",
      "kind" : "remoteSourceControl",
      "location" : "https://github.com/richardpiazza/AsyncPlus.git",
      "state" : {
        "revision" : "ab486f6744539f8814296cc85a7cc317f165dfc0",
        "version" : "0.3.2"
      }
    },
    {
      "identity" : "swift-log",
      "kind" : "remoteSourceControl",
      "location" : "https://github.com/apple/swift-log.git",
      "state" : {
        "revision" : "96a2f8a0fa41e9e09af4585e2724c4e825410b91",
        "version" : "1.6.2"
      }
    },
    {
      "identity" : "swift-mutex",
      "kind" : "remoteSourceControl",
      "location" : "https://github.com/swhitty/swift-mutex.git",
      "state" : {
        "revision" : "1770152df756b54c28ef1787df1e957d93cc62d5",
        "version" : "0.0.6"
      }
    },
    {
      "identity" : "swift-syntax",
      "kind" : "remoteSourceControl",
      "location" : "https://github.com/swiftlang/swift-syntax.git",
      "state" : {
        "revision" : "4799286537280063c85a32f09884cfbca301b1a1",
        "version" : "602.0.0"
      }
    },
    {
      "identity" : "swift-testing",
      "kind" : "remoteSourceControl",
      "location" : "https://github.com/swiftlang/swift-testing.git",
      "state" : {
        "branch" : "swift-6.2-RELEASE",
        "revision" : "3fdabe5392108d874abae1c1e58e1328ab46f681"
      }
    }
  ],
  "version" : 3
}
