{
  "pins" : [
    {
      "identity" : "asyncplus",
      "kind" : "remoteSourceControl",
      "location" : "https://github.com/richardpiazza/AsyncPlus.git",
      "state" : {
        "revision" : "ab486f6744539f8814296cc85a7cc317f165dfc0",
        "version" : "0.3.2"
      }
    },
    {
      "identity" : "swift-log",
      "kind" : "remoteSourceControl",
      "location" : "https://github.com/apple/swift-log.git",
      "state" : {
        "revision" : "96a2f8a0fa41e9e09af4585e2724c4e825410b91",
        "version" : "1.6.2"
      }
    }
  ],
  "version" : 2
}
